Microsoft Visual Studio Solution File, Format Version 12.00
# Visual Studio 15
VisualStudioVersion = 15.0.27004.2010
MinimumVisualStudioVersion = 10.0.40219.1
Project("{9A19103F-16F7-4668-BE54-9A1E7A4F7556}") = "EtherDeltaClient", "EtherDeltaClient.csproj", "{2E39944F-2564-4DF5-A46D-011F59CD704B}"
EndProject
Global
	GlobalSection(SolutionConfigurationPlatforms) = preSolution
		Debug|Any CPU = Debug|Any CPU
		Release|Any CPU = Release|Any CPU
	EndGlobalSection
	GlobalSection(ProjectConfigurationPlatforms) = postSolution
		{2E39944F-2564-4DF5-A46D-011F59CD704B}.Debug|Any CPU.ActiveCfg = Debug|Any CPU
		{2E39944F-2564-4DF5-A46D-011F59CD704B}.Debug|Any CPU.Build.0 = Debug|Any CPU
		{2E39944F-2564-4DF5-A46D-011F59CD704B}.Release|Any CPU.ActiveCfg = Release|Any CPU
		{2E39944F-2564-4DF5-A46D-011F59CD704B}.Release|Any CPU.Build.0 = Release|Any CPU
	EndGlobalSection
	GlobalSection(SolutionProperties) = preSolution
		HideSolutionNode = FALSE
	EndGlobalSection
	GlobalSection(ExtensibilityGlobals) = postSolution
		SolutionGuid = {EF802C61-C218-47CA-BC96-C1275E30374B}
	EndGlobalSection
EndGlobal
